
Microsoft Visual Studio Solution File, Format Version 12.00
# Visual Studio Version 17
VisualStudioVersion = 17.8.34330.188
MinimumVisualStudioVersion = 10.0.40219.1
Project("{2150E333-8FDC-42A3-9474-1A3956D46DE8}") = "BuildingBlocks", "BuildingBlocks", "{0ADC9EAB-DD11-44A2-9934-2DDFBBBC424E}"
EndProject
Project("{2150E333-8FDC-42A3-9474-1A3956D46DE8}") = "Domains", "Domains", "{B3F3E3AF-B6F5-4FFD-A08F-B4CFD9AA6889}"
EndProject
Project("{2150E333-8FDC-42A3-9474-1A3956D46DE8}") = "Applications", "Applications", "{8FE39A77-3D7A-4FB1-B6BC-D9A8F04C7EFA}"
EndProject
Project("{2150E333-8FDC-42A3-9474-1A3956D46DE8}") = "Infrastructures", "Infrastructures", "{74502F9B-4998-4067-BF55-4AA7F508EFCD}"
EndProject
Project("{9A19103F-16F7-4668-BE54-9A1E7A4F7556}") = "Domains", "Domains\Domains\Domains.csproj", "{5E3C3A72-77CC-4B68-B943-6471E7322885}"
EndProject
Project("{2150E333-8FDC-42A3-9474-1A3956D46DE8}") = "Domain", "Domain", "{7ADC179A-DD8C-4196-8E39-417761BFBA3A}"
EndProject
Project("{9A19103F-16F7-4668-BE54-9A1E7A4F7556}") = "Domain", "BuildingBlocks\Domain\Domain\Domain.csproj", "{1B850DC1-3802-40EE-83DF-04DEA3CF75FB}"
EndProject
Project("{2150E333-8FDC-42A3-9474-1A3956D46DE8}") = "Common", "Common", "{38E7E180-65CD-4232-A38B-6E5206A2DE6C}"
EndProject
Project("{9A19103F-16F7-4668-BE54-9A1E7A4F7556}") = "Common", "BuildingBlocks\Common\Common\Common.csproj", "{F577A547-CD89-484A-83B8-AE17292CE9B4}"
EndProject
Project("{2150E333-8FDC-42A3-9474-1A3956D46DE8}") = "EntityFramework", "EntityFramework", "{B02855C9-BEEF-4582-9B35-B185BF2BC31E}"
EndProject
Project("{9A19103F-16F7-4668-BE54-9A1E7A4F7556}") = "EntityFramework", "BuildingBlocks\EntityFramework\EntityFramework\EntityFramework.csproj", "{5D192629-1309-4CED-A307-D6309D5CFB7E}"
EndProject
Project("{9A19103F-16F7-4668-BE54-9A1E7A4F7556}") = "Infrastructures", "Infrastructures\Infrastructures\Infrastructures\Infrastructures.csproj", "{70B477ED-8A85-474E-8B7A-FAAB12004696}"
EndProject
Project("{9A19103F-16F7-4668-BE54-9A1E7A4F7556}") = "Infrastructures.DbMigration", "Infrastructures\New folder\Infrastructures.DbMigration\Infrastructures.DbMigration.csproj", "{688457C6-EBDB-4E22-A289-10C8D330F61B}"
EndProject
Project("{9A19103F-16F7-4668-BE54-9A1E7A4F7556}") = "API", "Applications\API\API.csproj", "{21E2F13A-4B32-428B-A3AC-9331F7328B4B}"
EndProject
Project("{2150E333-8FDC-42A3-9474-1A3956D46DE8}") = "UnitOfWork", "UnitOfWork", "{C00B2F45-1DC3-4276-BAB8-EF1D8588FEDE}"
EndProject
Project("{9A19103F-16F7-4668-BE54-9A1E7A4F7556}") = "UnitOfWork", "BuildingBlocks\UnitOfWork\UnitOfWork\UnitOfWork.csproj", "{C5194020-C7F8-44AB-B0EA-BB0F824084DC}"
EndProject
Project("{9A19103F-16F7-4668-BE54-9A1E7A4F7556}") = "UnitOfWork.EntityFramework", "BuildingBlocks\UnitOfWork\UnitOfWork.EntityFramework\UnitOfWork.EntityFramework.csproj", "{C56E0A2F-5274-4C91-8AC6-49F752AB6899}"
EndProject
Project("{9A19103F-16F7-4668-BE54-9A1E7A4F7556}") = "Infrastructures.SeedData", "Infrastructures\Infrastructures.SeedData\Infrastructures.SeedData.csproj", "{EBCB2555-137C-45CD-99B3-1CFD142CD35F}"
EndProject
Global
	GlobalSection(SolutionConfigurationPlatforms) = preSolution
		Debug|Any CPU = Debug|Any CPU
		Release|Any CPU = Release|Any CPU
	EndGlobalSection
	GlobalSection(ProjectConfigurationPlatforms) = postSolution
		{5E3C3A72-77CC-4B68-B943-6471E7322885}.Debug|Any CPU.ActiveCfg = Debug|Any CPU
		{5E3C3A72-77CC-4B68-B943-6471E7322885}.Debug|Any CPU.Build.0 = Debug|Any CPU
		{5E3C3A72-77CC-4B68-B943-6471E7322885}.Release|Any CPU.ActiveCfg = Release|Any CPU
		{5E3C3A72-77CC-4B68-B943-6471E7322885}.Release|Any CPU.Build.0 = Release|Any CPU
		{1B850DC1-3802-40EE-83DF-04DEA3CF75FB}.Debug|Any CPU.ActiveCfg = Debug|Any CPU
		{1B850DC1-3802-40EE-83DF-04DEA3CF75FB}.Debug|Any CPU.Build.0 = Debug|Any CPU
		{1B850DC1-3802-40EE-83DF-04DEA3CF75FB}.Release|Any CPU.ActiveCfg = Release|Any CPU
		{1B850DC1-3802-40EE-83DF-04DEA3CF75FB}.Release|Any CPU.Build.0 = Release|Any CPU
		{F577A547-CD89-484A-83B8-AE17292CE9B4}.Debug|Any CPU.ActiveCfg = Debug|Any CPU
		{F577A547-CD89-484A-83B8-AE17292CE9B4}.Debug|Any CPU.Build.0 = Debug|Any CPU
		{F577A547-CD89-484A-83B8-AE17292CE9B4}.Release|Any CPU.ActiveCfg = Release|Any CPU
		{F577A547-CD89-484A-83B8-AE17292CE9B4}.Release|Any CPU.Build.0 = Release|Any CPU
		{5D192629-1309-4CED-A307-D6309D5CFB7E}.Debug|Any CPU.ActiveCfg = Debug|Any CPU
		{5D192629-1309-4CED-A307-D6309D5CFB7E}.Debug|Any CPU.Build.0 = Debug|Any CPU
		{5D192629-1309-4CED-A307-D6309D5CFB7E}.Release|Any CPU.ActiveCfg = Release|Any CPU
		{5D192629-1309-4CED-A307-D6309D5CFB7E}.Release|Any CPU.Build.0 = Release|Any CPU
		{70B477ED-8A85-474E-8B7A-FAAB12004696}.Debug|Any CPU.ActiveCfg = Debug|Any CPU
		{70B477ED-8A85-474E-8B7A-FAAB12004696}.Debug|Any CPU.Build.0 = Debug|Any CPU
		{70B477ED-8A85-474E-8B7A-FAAB12004696}.Release|Any CPU.ActiveCfg = Release|Any CPU
		{70B477ED-8A85-474E-8B7A-FAAB12004696}.Release|Any CPU.Build.0 = Release|Any CPU
		{688457C6-EBDB-4E22-A289-10C8D330F61B}.Debug|Any CPU.ActiveCfg = Debug|Any CPU
		{688457C6-EBDB-4E22-A289-10C8D330F61B}.Debug|Any CPU.Build.0 = Debug|Any CPU
		{688457C6-EBDB-4E22-A289-10C8D330F61B}.Release|Any CPU.ActiveCfg = Release|Any CPU
		{688457C6-EBDB-4E22-A289-10C8D330F61B}.Release|Any CPU.Build.0 = Release|Any CPU
		{21E2F13A-4B32-428B-A3AC-9331F7328B4B}.Debug|Any CPU.ActiveCfg = Debug|Any CPU
		{21E2F13A-4B32-428B-A3AC-9331F7328B4B}.Debug|Any CPU.Build.0 = Debug|Any CPU
		{21E2F13A-4B32-428B-A3AC-9331F7328B4B}.Release|Any CPU.ActiveCfg = Release|Any CPU
		{21E2F13A-4B32-428B-A3AC-9331F7328B4B}.Release|Any CPU.Build.0 = Release|Any CPU
		{C5194020-C7F8-44AB-B0EA-BB0F824084DC}.Debug|Any CPU.ActiveCfg = Debug|Any CPU
		{C5194020-C7F8-44AB-B0EA-BB0F824084DC}.Debug|Any CPU.Build.0 = Debug|Any CPU
		{C5194020-C7F8-44AB-B0EA-BB0F824084DC}.Release|Any CPU.ActiveCfg = Release|Any CPU
		{C5194020-C7F8-44AB-B0EA-BB0F824084DC}.Release|Any CPU.Build.0 = Release|Any CPU
		{C56E0A2F-5274-4C91-8AC6-49F752AB6899}.Debug|Any CPU.ActiveCfg = Debug|Any CPU
		{C56E0A2F-5274-4C91-8AC6-49F752AB6899}.Debug|Any CPU.Build.0 = Debug|Any CPU
		{C56E0A2F-5274-4C91-8AC6-49F752AB6899}.Release|Any CPU.ActiveCfg = Release|Any CPU
		{C56E0A2F-5274-4C91-8AC6-49F752AB6899}.Release|Any CPU.Build.0 = Release|Any CPU
		{EBCB2555-137C-45CD-99B3-1CFD142CD35F}.Debug|Any CPU.ActiveCfg = Debug|Any CPU
		{EBCB2555-137C-45CD-99B3-1CFD142CD35F}.Debug|Any CPU.Build.0 = Debug|Any CPU
		{EBCB2555-137C-45CD-99B3-1CFD142CD35F}.Release|Any CPU.ActiveCfg = Release|Any CPU
		{EBCB2555-137C-45CD-99B3-1CFD142CD35F}.Release|Any CPU.Build.0 = Release|Any CPU
	EndGlobalSection
	GlobalSection(SolutionProperties) = preSolution
		HideSolutionNode = FALSE
	EndGlobalSection
	GlobalSection(NestedProjects) = preSolution
		{5E3C3A72-77CC-4B68-B943-6471E7322885} = {B3F3E3AF-B6F5-4FFD-A08F-B4CFD9AA6889}
		{7ADC179A-DD8C-4196-8E39-417761BFBA3A} = {0ADC9EAB-DD11-44A2-9934-2DDFBBBC424E}
		{1B850DC1-3802-40EE-83DF-04DEA3CF75FB} = {7ADC179A-DD8C-4196-8E39-417761BFBA3A}
		{38E7E180-65CD-4232-A38B-6E5206A2DE6C} = {0ADC9EAB-DD11-44A2-9934-2DDFBBBC424E}
		{F577A547-CD89-484A-83B8-AE17292CE9B4} = {38E7E180-65CD-4232-A38B-6E5206A2DE6C}
		{B02855C9-BEEF-4582-9B35-B185BF2BC31E} = {0ADC9EAB-DD11-44A2-9934-2DDFBBBC424E}
		{5D192629-1309-4CED-A307-D6309D5CFB7E} = {B02855C9-BEEF-4582-9B35-B185BF2BC31E}
		{70B477ED-8A85-474E-8B7A-FAAB12004696} = {74502F9B-4998-4067-BF55-4AA7F508EFCD}
		{688457C6-EBDB-4E22-A289-10C8D330F61B} = {74502F9B-4998-4067-BF55-4AA7F508EFCD}
		{21E2F13A-4B32-428B-A3AC-9331F7328B4B} = {8FE39A77-3D7A-4FB1-B6BC-D9A8F04C7EFA}
		{C00B2F45-1DC3-4276-BAB8-EF1D8588FEDE} = {0ADC9EAB-DD11-44A2-9934-2DDFBBBC424E}
		{C5194020-C7F8-44AB-B0EA-BB0F824084DC} = {C00B2F45-1DC3-4276-BAB8-EF1D8588FEDE}
		{C56E0A2F-5274-4C91-8AC6-49F752AB6899} = {C00B2F45-1DC3-4276-BAB8-EF1D8588FEDE}
		{EBCB2555-137C-45CD-99B3-1CFD142CD35F} = {74502F9B-4998-4067-BF55-4AA7F508EFCD}
	EndGlobalSection
	GlobalSection(ExtensibilityGlobals) = postSolution
		SolutionGuid = {498D9204-C508-4C20-A6A1-527879F42F9E}
	EndGlobalSection
EndGlobal
